// !$*UTF8*$!
{
	archiveVersion = 1;
	classes = {
	};
	objectVersion = 50;
	objects = {

/* Begin PBXBuildFile section */
		445D20762421B5DD0021A124 /* TabBarController.storyboard in Resources */ = {isa = PBXBuildFile; fileRef = 445D20702421B5DD0021A124 /* TabBarController.storyboard */; };
		445D20772421B5DD0021A124 /* AddPhotoViewController.storyboard in Resources */ = {isa = PBXBuildFile; fileRef = 445D20712421B5DD0021A124 /* AddPhotoViewController.storyboard */; };
		445D20782421B5DD0021A124 /* ActivityViewController.storyboard in Resources */ = {isa = PBXBuildFile; fileRef = 445D20722421B5DD0021A124 /* ActivityViewController.storyboard */; };
		445D20792421B5DD0021A124 /* ProfileViewController.storyboard in Resources */ = {isa = PBXBuildFile; fileRef = 445D20732421B5DD0021A124 /* ProfileViewController.storyboard */; };
		445D207A2421B5DD0021A124 /* HomeViewController.storyboard in Resources */ = {isa = PBXBuildFile; fileRef = 445D20742421B5DD0021A124 /* HomeViewController.storyboard */; };
		445D207B2421B5DD0021A124 /* SearchViewController.storyboard in Resources */ = {isa = PBXBuildFile; fileRef = 445D20752421B5DD0021A124 /* SearchViewController.storyboard */; };
		44FA125924189C4300661667 /* AppDelegate.swift in Sources */ = {isa = PBXBuildFile; fileRef = 44FA125824189C4300661667 /* AppDelegate.swift */; };
		44FA125B24189C4300661667 /* SceneDelegate.swift in Sources */ = {isa = PBXBuildFile; fileRef = 44FA125A24189C4300661667 /* SceneDelegate.swift */; };
		44FA126224189C4700661667 /* Assets.xcassets in Resources */ = {isa = PBXBuildFile; fileRef = 44FA126124189C4700661667 /* Assets.xcassets */; };
		44FA126524189C4700661667 /* LaunchScreen.storyboard in Resources */ = {isa = PBXBuildFile; fileRef = 44FA126324189C4700661667 /* LaunchScreen.storyboard */; };
		44FA12892418B00700661667 /* ViewController.swift in Sources */ = {isa = PBXBuildFile; fileRef = 44FA12882418B00700661667 /* ViewController.swift */; };
		44FA128B2418B01A00661667 /* SignUpViewController.swift in Sources */ = {isa = PBXBuildFile; fileRef = 44FA128A2418B01A00661667 /* SignUpViewController.swift */; };
		44FA128D2418B02000661667 /* Main.storyboard in Resources */ = {isa = PBXBuildFile; fileRef = 44FA128C2418B02000661667 /* Main.storyboard */; };
		44FA12CC241935E800661667 /* HomeViewController.swift in Sources */ = {isa = PBXBuildFile; fileRef = 44FA12CB241935E800661667 /* HomeViewController.swift */; };
		44FA12CE2419360800661667 /* SearchViewController.swift in Sources */ = {isa = PBXBuildFile; fileRef = 44FA12CD2419360800661667 /* SearchViewController.swift */; };
		44FA12D02419361C00661667 /* AddPhotoViewController.swift in Sources */ = {isa = PBXBuildFile; fileRef = 44FA12CF2419361C00661667 /* AddPhotoViewController.swift */; };
		44FA12D22419362700661667 /* ActivityViewController.swift in Sources */ = {isa = PBXBuildFile; fileRef = 44FA12D12419362700661667 /* ActivityViewController.swift */; };
		44FA12D42419363300661667 /* ProfileViewController.swift in Sources */ = {isa = PBXBuildFile; fileRef = 44FA12D32419363300661667 /* ProfileViewController.swift */; };
		44FA12D62419396000661667 /* GoogleService-Info.plist in Resources */ = {isa = PBXBuildFile; fileRef = 44FA12D52419396000661667 /* GoogleService-Info.plist */; };
		A64B0C9EC50F50BC796713A1 /* libPods-Instaclone.a in Frameworks */ = {isa = PBXBuildFile; fileRef = 2BAE6A04820B047B3EB47A58 /* libPods-Instaclone.a */; };
/* End PBXBuildFile section */

/* Begin PBXFileReference section */
		2BAE6A04820B047B3EB47A58 /* libPods-Instaclone.a */ = {isa = PBXFileReference; explicitFileType = archive.ar; includeInIndex = 0; path = "libPods-Instaclone.a"; sourceTree = BUILT_PRODUCTS_DIR; };
		445D20702421B5DD0021A124 /* TabBarController.storyboard */ = {isa = PBXFileReference; fileEncoding = 4; lastKnownFileType = file.storyboard; path = TabBarController.storyboard; sourceTree = "<group>"; };
		445D20712421B5DD0021A124 /* AddPhotoViewController.storyboard */ = {isa = PBXFileReference; fileEncoding = 4; lastKnownFileType = file.storyboard; path = AddPhotoViewController.storyboard; sourceTree = "<group>"; };
		445D20722421B5DD0021A124 /* ActivityViewController.storyboard */ = {isa = PBXFileReference; fileEncoding = 4; lastKnownFileType = file.storyboard; path = ActivityViewController.storyboard; sourceTree = "<group>"; };
		445D20732421B5DD0021A124 /* ProfileViewController.storyboard */ = {isa = PBXFileReference; fileEncoding = 4; lastKnownFileType = file.storyboard; path = ProfileViewController.storyboard; sourceTree = "<group>"; };
		445D20742421B5DD0021A124 /* HomeViewController.storyboard */ = {isa = PBXFileReference; fileEncoding = 4; lastKnownFileType = file.storyboard; path = HomeViewController.storyboard; sourceTree = "<group>"; };
		445D20752421B5DD0021A124 /* SearchViewController.storyboard */ = {isa = PBXFileReference; fileEncoding = 4; lastKnownFileType = file.storyboard; path = SearchViewController.storyboard; sourceTree = "<group>"; };
		44FA125524189C4300661667 /* Instaclone.app */ = {isa = PBXFileReference; explicitFileType = wrapper.application; includeInIndex = 0; path = Instaclone.app; sourceTree = BUILT_PRODUCTS_DIR; };
		44FA125824189C4300661667 /* AppDelegate.swift */ = {isa = PBXFileReference; lastKnownFileType = sourcecode.swift; path = AppDelegate.swift; sourceTree = "<group>"; };
		44FA125A24189C4300661667 /* SceneDelegate.swift */ = {isa = PBXFileReference; lastKnownFileType = sourcecode.swift; path = SceneDelegate.swift; sourceTree = "<group>"; };
		44FA126124189C4700661667 /* Assets.xcassets */ = {isa = PBXFileReference; lastKnownFileType = folder.assetcatalog; path = Assets.xcassets; sourceTree = "<group>"; };
		44FA126424189C4700661667 /* Base */ = {isa = PBXFileReference; lastKnownFileType = file.storyboard; name = Base; path = Base.lproj/LaunchScreen.storyboard; sourceTree = "<group>"; };
		44FA126624189C4700661667 /* Info.plist */ = {isa = PBXFileReference; lastKnownFileType = text.plist.xml; path = Info.plist; sourceTree = "<group>"; };
		44FA12882418B00700661667 /* ViewController.swift */ = {isa = PBXFileReference; fileEncoding = 4; lastKnownFileType = sourcecode.swift; path = ViewController.swift; sourceTree = "<group>"; };
		44FA128A2418B01A00661667 /* SignUpViewController.swift */ = {isa = PBXFileReference; fileEncoding = 4; lastKnownFileType = sourcecode.swift; path = SignUpViewController.swift; sourceTree = "<group>"; };
		44FA128C2418B02000661667 /* Main.storyboard */ = {isa = PBXFileReference; fileEncoding = 4; lastKnownFileType = file.storyboard; path = Main.storyboard; sourceTree = "<group>"; };
		44FA12CB241935E800661667 /* HomeViewController.swift */ = {isa = PBXFileReference; lastKnownFileType = sourcecode.swift; path = HomeViewController.swift; sourceTree = "<group>"; };
		44FA12CD2419360800661667 /* SearchViewController.swift */ = {isa = PBXFileReference; lastKnownFileType = sourcecode.swift; path = SearchViewController.swift; sourceTree = "<group>"; };
		44FA12CF2419361C00661667 /* AddPhotoViewController.swift */ = {isa = PBXFileReference; lastKnownFileType = sourcecode.swift; path = AddPhotoViewController.swift; sourceTree = "<group>"; };
		44FA12D12419362700661667 /* ActivityViewController.swift */ = {isa = PBXFileReference; lastKnownFileType = sourcecode.swift; path = ActivityViewController.swift; sourceTree = "<group>"; };
		44FA12D32419363300661667 /* ProfileViewController.swift */ = {isa = PBXFileReference; lastKnownFileType = sourcecode.swift; path = ProfileViewController.swift; sourceTree = "<group>"; };
		44FA12D52419396000661667 /* GoogleService-Info.plist */ = {isa = PBXFileReference; fileEncoding = 4; lastKnownFileType = text.plist.xml; path = "GoogleService-Info.plist"; sourceTree = "<group>"; };
		62A866B9E0D25717D7FDFEBE /* Pods-Instaclone.release.xcconfig */ = {isa = PBXFileReference; includeInIndex = 1; lastKnownFileType = text.xcconfig; name = "Pods-Instaclone.release.xcconfig"; path = "Target Support Files/Pods-Instaclone/Pods-Instaclone.release.xcconfig"; sourceTree = "<group>"; };
		AAFB480311353F8BBEFF806B /* Pods-Instaclone.debug.xcconfig */ = {isa = PBXFileReference; includeInIndex = 1; lastKnownFileType = text.xcconfig; name = "Pods-Instaclone.debug.xcconfig"; path = "Target Support Files/Pods-Instaclone/Pods-Instaclone.debug.xcconfig"; sourceTree = "<group>"; };
/* End PBXFileReference section */

/* Begin PBXFrameworksBuildPhase section */
		44FA125224189C4300661667 /* Frameworks */ = {
			isa = PBXFrameworksBuildPhase;
			buildActionMask = 2147483647;
			files = (
				A64B0C9EC50F50BC796713A1 /* libPods-Instaclone.a in Frameworks */,
			);
			runOnlyForDeploymentPostprocessing = 0;
		};
/* End PBXFrameworksBuildPhase section */

/* Begin PBXGroup section */
		28D05EEAAB8A737E9A4959CA /* Pods */ = {
			isa = PBXGroup;
			children = (
				AAFB480311353F8BBEFF806B /* Pods-Instaclone.debug.xcconfig */,
				62A866B9E0D25717D7FDFEBE /* Pods-Instaclone.release.xcconfig */,
			);
			path = Pods;
			sourceTree = "<group>";
		};
		44FA124C24189C4300661667 = {
			isa = PBXGroup;
			children = (
				44FA125724189C4300661667 /* Instaclone */,
				44FA125624189C4300661667 /* Products */,
				28D05EEAAB8A737E9A4959CA /* Pods */,
				E2368F5B4C4FEFEDDAA88B71 /* Frameworks */,
			);
			sourceTree = "<group>";
		};
		44FA125624189C4300661667 /* Products */ = {
			isa = PBXGroup;
			children = (
				44FA125524189C4300661667 /* Instaclone.app */,
			);
			name = Products;
			sourceTree = "<group>";
		};
		44FA125724189C4300661667 /* Instaclone */ = {
			isa = PBXGroup;
			children = (
				44FA125824189C4300661667 /* AppDelegate.swift */,
				44FA125A24189C4300661667 /* SceneDelegate.swift */,
				44FA12882418B00700661667 /* ViewController.swift */,
				44FA128A2418B01A00661667 /* SignUpViewController.swift */,
				44FA12CB241935E800661667 /* HomeViewController.swift */,
				44FA12CD2419360800661667 /* SearchViewController.swift */,
				44FA12CF2419361C00661667 /* AddPhotoViewController.swift */,
				44FA12D12419362700661667 /* ActivityViewController.swift */,
				44FA12D32419363300661667 /* ProfileViewController.swift */,
				44FA128C2418B02000661667 /* Main.storyboard */,
				445D20702421B5DD0021A124 /* TabBarController.storyboard */,
				445D20742421B5DD0021A124 /* HomeViewController.storyboard */,
				445D20752421B5DD0021A124 /* SearchViewController.storyboard */,
				445D20712421B5DD0021A124 /* AddPhotoViewController.storyboard */,
				445D20722421B5DD0021A124 /* ActivityViewController.storyboard */,
				445D20732421B5DD0021A124 /* ProfileViewController.storyboard */,
				44FA126124189C4700661667 /* Assets.xcassets */,
				44FA126324189C4700661667 /* LaunchScreen.storyboard */,
				44FA126624189C4700661667 /* Info.plist */,
				44FA12D52419396000661667 /* GoogleService-Info.plist */,
			);
			path = Instaclone;
			sourceTree = "<group>";
		};
		E2368F5B4C4FEFEDDAA88B71 /* Frameworks */ = {
			isa = PBXGroup;
			children = (
				2BAE6A04820B047B3EB47A58 /* libPods-Instaclone.a */,
			);
			name = Frameworks;
			sourceTree = "<group>";
		};
/* End PBXGroup section */

/* Begin PBXNativeTarget section */
		44FA125424189C4300661667 /* Instaclone */ = {
			isa = PBXNativeTarget;
			buildConfigurationList = 44FA126924189C4700661667 /* Build configuration list for PBXNativeTarget "Instaclone" */;
			buildPhases = (
				705175D2BED2DBA262C763ED /* [CP] Check Pods Manifest.lock */,
				44FA125124189C4300661667 /* Sources */,
				44FA125224189C4300661667 /* Frameworks */,
				44FA125324189C4300661667 /* Resources */,
			);
			buildRules = (
			);
			dependencies = (
			);
			name = Instaclone;
			productName = Instaclone;
			productReference = 44FA125524189C4300661667 /* Instaclone.app */;
			productType = "com.apple.product-type.application";
		};
/* End PBXNativeTarget section */

/* Begin PBXProject section */
		44FA124D24189C4300661667 /* Project object */ = {
			isa = PBXProject;
			attributes = {
				LastSwiftUpdateCheck = 1140;
				LastUpgradeCheck = 1140;
				ORGANIZATIONNAME = "Terzi Vladislav";
				TargetAttributes = {
					44FA125424189C4300661667 = {
						CreatedOnToolsVersion = 11.4;
					};
				};
			};
			buildConfigurationList = 44FA125024189C4300661667 /* Build configuration list for PBXProject "Instaclone" */;
			compatibilityVersion = "Xcode 9.3";
			developmentRegion = en;
			hasScannedForEncodings = 0;
			knownRegions = (
				en,
				Base,
			);
			mainGroup = 44FA124C24189C4300661667;
			productRefGroup = 44FA125624189C4300661667 /* Products */;
			projectDirPath = "";
			projectRoot = "";
			targets = (
				44FA125424189C4300661667 /* Instaclone */,
			);
		};
/* End PBXProject section */

/* Begin PBXResourcesBuildPhase section */
		44FA125324189C4300661667 /* Resources */ = {
			isa = PBXResourcesBuildPhase;
			buildActionMask = 2147483647;
			files = (
				44FA128D2418B02000661667 /* Main.storyboard in Resources */,
				44FA126524189C4700661667 /* LaunchScreen.storyboard in Resources */,
				445D20772421B5DD0021A124 /* AddPhotoViewController.storyboard in Resources */,
				445D207B2421B5DD0021A124 /* SearchViewController.storyboard in Resources */,
				445D20762421B5DD0021A124 /* TabBarController.storyboard in Resources */,
				44FA12D62419396000661667 /* GoogleService-Info.plist in Resources */,
				445D207A2421B5DD0021A124 /* HomeViewController.storyboard in Resources */,
				44FA126224189C4700661667 /* Assets.xcassets in Resources */,
				445D20792421B5DD0021A124 /* ProfileViewController.storyboard in Resources */,
				445D20782421B5DD0021A124 /* ActivityViewController.storyboard in Resources */,
			);
			runOnlyForDeploymentPostprocessing = 0;
		};
/* End PBXResourcesBuildPhase section */

/* Begin PBXShellScriptBuildPhase section */
		705175D2BED2DBA262C763ED /* [CP] Check Pods Manifest.lock */ = {
			isa = PBXShellScriptBuildPhase;
			buildActionMask = 2147483647;
			files = (
			);
			inputFileListPaths = (
			);
			inputPaths = (
				"${PODS_PODFILE_DIR_PATH}/Podfile.lock",
				"${PODS_ROOT}/Manifest.lock",
			);
			name = "[CP] Check Pods Manifest.lock";
			outputFileListPaths = (
			);
			outputPaths = (
				"$(DERIVED_FILE_DIR)/Pods-Instaclone-checkManifestLockResult.txt",
			);
			runOnlyForDeploymentPostprocessing = 0;
			shellPath = /bin/sh;
			shellScript = "diff \"${PODS_PODFILE_DIR_PATH}/Podfile.lock\" \"${PODS_ROOT}/Manifest.lock\" > /dev/null\nif [ $? != 0 ] ; then\n    # print error to STDERR\n    echo \"error: The sandbox is not in sync with the Podfile.lock. Run 'pod install' or update your CocoaPods installation.\" >&2\n    exit 1\nfi\n# This output is used by Xcode 'outputs' to avoid re-running this script phase.\necho \"SUCCESS\" > \"${SCRIPT_OUTPUT_FILE_0}\"\n";
			showEnvVarsInLog = 0;
		};
/* End PBXShellScriptBuildPhase section */

/* Begin PBXSourcesBuildPhase section */
		44FA125124189C4300661667 /* Sources */ = {
			isa = PBXSourcesBuildPhase;
			buildActionMask = 2147483647;
			files = (
				44FA12CE2419360800661667 /* SearchViewController.swift in Sources */,
				44FA12CC241935E800661667 /* HomeViewController.swift in Sources */,
				44FA125924189C4300661667 /* AppDelegate.swift in Sources */,
				44FA12D22419362700661667 /* ActivityViewController.swift in Sources */,
				44FA125B24189C4300661667 /* SceneDelegate.swift in Sources */,
				44FA128B2418B01A00661667 /* SignUpViewController.swift in Sources */,
				44FA12D42419363300661667 /* ProfileViewController.swift in Sources */,
				44FA12D02419361C00661667 /* AddPhotoViewController.swift in Sources */,
				44FA12892418B00700661667 /* ViewController.swift in Sources */,
			);
			runOnlyForDeploymentPostprocessing = 0;
		};
/* End PBXSourcesBuildPhase section */

/* Begin PBXVariantGroup section */
		44FA126324189C4700661667 /* LaunchScreen.storyboard */ = {
			isa = PBXVariantGroup;
			children = (
				44FA126424189C4700661667 /* Base */,
			);
			name = LaunchScreen.storyboard;
			sourceTree = "<group>";
		};
/* End PBXVariantGroup section */

/* Begin XCBuildConfiguration section */
		44FA126724189C4700661667 /* Debug */ = {
			isa = XCBuildConfiguration;
			buildSettings = {
				ALWAYS_SEARCH_USER_PATHS = NO;
				CLANG_ANALYZER_NONNULL = YES;
				CLANG_ANALYZER_NUMBER_OBJECT_CONVERSION = YES_AGGRESSIVE;
				CLANG_CXX_LANGUAGE_STANDARD = "gnu++14";
				CLANG_CXX_LIBRARY = "libc++";
				CLANG_ENABLE_MODULES = YES;
				CLANG_ENABLE_OBJC_ARC = YES;
				CLANG_ENABLE_OBJC_WEAK = YES;
				CLANG_WARN_BLOCK_CAPTURE_AUTORELEASING = YES;
				CLANG_WARN_BOOL_CONVERSION = YES;
				CLANG_WARN_COMMA = YES;
				CLANG_WARN_CONSTANT_CONVERSION = YES;
				CLANG_WARN_DEPRECATED_OBJC_IMPLEMENTATIONS = YES;
				CLANG_WARN_DIRECT_OBJC_ISA_USAGE = YES_ERROR;
				CLANG_WARN_DOCUMENTATION_COMMENTS = YES;
				CLANG_WARN_EMPTY_BODY = YES;
				CLANG_WARN_ENUM_CONVERSION = YES;
				CLANG_WARN_INFINITE_RECURSION = YES;
				CLANG_WARN_INT_CONVERSION = YES;
				CLANG_WARN_NON_LITERAL_NULL_CONVERSION = YES;
				CLANG_WARN_OBJC_IMPLICIT_RETAIN_SELF = YES;
				CLANG_WARN_OBJC_LITERAL_CONVERSION = YES;
				CLANG_WARN_OBJC_ROOT_CLASS = YES_ERROR;
				CLANG_WARN_RANGE_LOOP_ANALYSIS = YES;
				CLANG_WARN_STRICT_PROTOTYPES = YES;
				CLANG_WARN_SUSPICIOUS_MOVE = YES;
				CLANG_WARN_UNGUARDED_AVAILABILITY = YES_AGGRESSIVE;
				CLANG_WARN_UNREACHABLE_CODE = YES;
				CLANG_WARN__DUPLICATE_METHOD_MATCH = YES;
				COPY_PHASE_STRIP = NO;
				DEBUG_INFORMATION_FORMAT = dwarf;
				ENABLE_STRICT_OBJC_MSGSEND = YES;
				ENABLE_TESTABILITY = YES;
				GCC_C_LANGUAGE_STANDARD = gnu11;
				GCC_DYNAMIC_NO_PIC = NO;
				GCC_NO_COMMON_BLOCKS = YES;
				GCC_OPTIMIZATION_LEVEL = 0;
				GCC_PREPROCESSOR_DEFINITIONS = (
					"DEBUG=1",
					"$(inherited)",
				);
				GCC_WARN_64_TO_32_BIT_CONVERSION = YES;
				GCC_WARN_ABOUT_RETURN_TYPE = YES_ERROR;
				GCC_WARN_UNDECLARED_SELECTOR = YES;
				GCC_WARN_UNINITIALIZED_AUTOS = YES_AGGRESSIVE;
				GCC_WARN_UNUSED_FUNCTION = YES;
				GCC_WARN_UNUSED_VARIABLE = YES;
				IPHONEOS_DEPLOYMENT_TARGET = 13.4;
				MTL_ENABLE_DEBUG_INFO = INCLUDE_SOURCE;
				MTL_FAST_MATH = YES;
				ONLY_ACTIVE_ARCH = YES;
				SDKROOT = iphoneos;
				SWIFT_ACTIVE_COMPILATION_CONDITIONS = DEBUG;
				SWIFT_OPTIMIZATION_LEVEL = "-Onone";
			};
			name = Debug;
		};
		44FA126824189C4700661667 /* Release */ = {
			isa = XCBuildConfiguration;
			buildSettings = {
				ALWAYS_SEARCH_USER_PATHS = NO;
				CLANG_ANALYZER_NONNULL = YES;
				CLANG_ANALYZER_NUMBER_OBJECT_CONVERSION = YES_AGGRESSIVE;
				CLANG_CXX_LANGUAGE_STANDARD = "gnu++14";
				CLANG_CXX_LIBRARY = "libc++";
				CLANG_ENABLE_MODULES = YES;
				CLANG_ENABLE_OBJC_ARC = YES;
				CLANG_ENABLE_OBJC_WEAK = YES;
				CLANG_WARN_BLOCK_CAPTURE_AUTORELEASING = YES;
				CLANG_WARN_BOOL_CONVERSION = YES;
				CLANG_WARN_COMMA = YES;
				CLANG_WARN_CONSTANT_CONVERSION = YES;
				CLANG_WARN_DEPRECATED_OBJC_IMPLEMENTATIONS = YES;
				CLANG_WARN_DIRECT_OBJC_ISA_USAGE = YES_ERROR;
				CLANG_WARN_DOCUMENTATION_COMMENTS = YES;
				CLANG_WARN_EMPTY_BODY = YES;
				CLANG_WARN_ENUM_CONVERSION = YES;
				CLANG_WARN_INFINITE_RECURSION = YES;
				CLANG_WARN_INT_CONVERSION = YES;
				CLANG_WARN_NON_LITERAL_NULL_CONVERSION = YES;
				CLANG_WARN_OBJC_IMPLICIT_RETAIN_SELF = YES;
				CLANG_WARN_OBJC_LITERAL_CONVERSION = YES;
				CLANG_WARN_OBJC_ROOT_CLASS = YES_ERROR;
				CLANG_WARN_RANGE_LOOP_ANALYSIS = YES;
				CLANG_WARN_STRICT_PROTOTYPES = YES;
				CLANG_WARN_SUSPICIOUS_MOVE = YES;
				CLANG_WARN_UNGUARDED_AVAILABILITY = YES_AGGRESSIVE;
				CLANG_WARN_UNREACHABLE_CODE = YES;
				CLANG_WARN__DUPLICATE_METHOD_MATCH = YES;
				COPY_PHASE_STRIP = NO;
				DEBUG_INFORMATION_FORMAT = "dwarf-with-dsym";
				ENABLE_NS_ASSERTIONS = NO;
				ENABLE_STRICT_OBJC_MSGSEND = YES;
				GCC_C_LANGUAGE_STANDARD = gnu11;
				GCC_NO_COMMON_BLOCKS = YES;
				GCC_WARN_64_TO_32_BIT_CONVERSION = YES;
				GCC_WARN_ABOUT_RETURN_TYPE = YES_ERROR;
				GCC_WARN_UNDECLARED_SELECTOR = YES;
				GCC_WARN_UNINITIALIZED_AUTOS = YES_AGGRESSIVE;
				GCC_WARN_UNUSED_FUNCTION = YES;
				GCC_WARN_UNUSED_VARIABLE = YES;
				IPHONEOS_DEPLOYMENT_TARGET = 13.4;
				MTL_ENABLE_DEBUG_INFO = NO;
				MTL_FAST_MATH = YES;
				SDKROOT = iphoneos;
				SWIFT_COMPILATION_MODE = wholemodule;
				SWIFT_OPTIMIZATION_LEVEL = "-O";
				VALIDATE_PRODUCT = YES;
			};
			name = Release;
		};
		44FA126A24189C4700661667 /* Debug */ = {
			isa = XCBuildConfiguration;
			baseConfigurationReference = AAFB480311353F8BBEFF806B /* Pods-Instaclone.debug.xcconfig */;
			buildSettings = {
				ASSETCATALOG_COMPILER_APPICON_NAME = AppIcon;
				CODE_SIGN_STYLE = Automatic;
				DEVELOPMENT_TEAM = NP4XD483KZ;
				INFOPLIST_FILE = Instaclone/Info.plist;
				LD_RUNPATH_SEARCH_PATHS = (
					"$(inherited)",
					"@executable_path/Frameworks",
				);
				PRODUCT_BUNDLE_IDENTIFIER = "com.terzi-vladislav.Instaclone";
				PRODUCT_NAME = "$(TARGET_NAME)";
				SWIFT_VERSION = 5.0;
				TARGETED_DEVICE_FAMILY = "1,2";
			};
			name = Debug;
		};
		44FA126B24189C4700661667 /* Release */ = {
			isa = XCBuildConfiguration;
			baseConfigurationReference = 62A866B9E0D25717D7FDFEBE /* Pods-Instaclone.release.xcconfig */;
			buildSettings = {
				ASSETCATALOG_COMPILER_APPICON_NAME = AppIcon;
				CODE_SIGN_STYLE = Automatic;
				DEVELOPMENT_TEAM = NP4XD483KZ;
				INFOPLIST_FILE = Instaclone/Info.plist;
				LD_RUNPATH_SEARCH_PATHS = (
					"$(inherited)",
					"@executable_path/Frameworks",
				);
				PRODUCT_BUNDLE_IDENTIFIER = "com.terzi-vladislav.Instaclone";
				PRODUCT_NAME = "$(TARGET_NAME)";
				SWIFT_VERSION = 5.0;
				TARGETED_DEVICE_FAMILY = "1,2";
			};
			name = Release;
		};
/* End XCBuildConfiguration section */

/* Begin XCConfigurationList section */
		44FA125024189C4300661667 /* Build configuration list for PBXProject "Instaclone" */ = {
			isa = XCConfigurationList;
			buildConfigurations = (
				44FA126724189C4700661667 /* Debug */,
				44FA126824189C4700661667 /* Release */,
			);
			defaultConfigurationIsVisible = 0;
			defaultConfigurationName = Release;
		};
		44FA126924189C4700661667 /* Build configuration list for PBXNativeTarget "Instaclone" */ = {
			isa = XCConfigurationList;
			buildConfigurations = (
				44FA126A24189C4700661667 /* Debug */,
				44FA126B24189C4700661667 /* Release */,
			);
			defaultConfigurationIsVisible = 0;
			defaultConfigurationName = Release;
		};
/* End XCConfigurationList section */
	};
	rootObject = 44FA124D24189C4300661667 /* Project object */;
}
